
Microsoft Visual Studio Solution File, Format Version 12.00
# Visual Studio Version 17
VisualStudioVersion = 17.9.34728.123
MinimumVisualStudioVersion = 10.0.40219.1
Project("{8BC9CEB8-8B4A-11D0-8D11-00A0C91BC942}") = "IND_18623", "IND_18623\IND_18623.vcxproj", "{77D4445F-53E3-4E08-B3CA-959F04558F44}"
EndProject
Global
	GlobalSection(SolutionConfigurationPlatforms) = preSolution
		Debug|x64 = Debug|x64
		Debug|x86 = Debug|x86
		Release|x64 = Release|x64
		Release|x86 = Release|x86
	EndGlobalSection
	GlobalSection(ProjectConfigurationPlatforms) = postSolution
		{77D4445F-53E3-4E08-B3CA-959F04558F44}.Debug|x64.ActiveCfg = Debug|x64
		{77D4445F-53E3-4E08-B3CA-959F04558F44}.Debug|x64.Build.0 = Debug|x64
		{77D4445F-53E3-4E08-B3CA-959F04558F44}.Debug|x86.ActiveCfg = Debug|Win32
		{77D4445F-53E3-4E08-B3CA-959F04558F44}.Debug|x86.Build.0 = Debug|Win32
		{77D4445F-53E3-4E08-B3CA-959F04558F44}.Release|x64.ActiveCfg = Release|x64
		{77D4445F-53E3-4E08-B3CA-959F04558F44}.Release|x64.Build.0 = Release|x64
		{77D4445F-53E3-4E08-B3CA-959F04558F44}.Release|x86.ActiveCfg = Release|Win32
		{77D4445F-53E3-4E08-B3CA-959F04558F44}.Release|x86.Build.0 = Release|Win32
	EndGlobalSection
	GlobalSection(SolutionProperties) = preSolution
		HideSolutionNode = FALSE
	EndGlobalSection
	GlobalSection(ExtensibilityGlobals) = postSolution
		SolutionGuid = {F12CDC39-1191-4A86-A36B-9A3DB3065254}
	EndGlobalSection
EndGlobal
